github.com/azul3d/engine v0.0.0-20211024043305-793ea6c2839d h1:rjznNQwrhE00gPar+rWgoh2RFOOTlE8YL7K20ADJB/w=
github.com/azul3d/engine v0.0.0-20211024043305-793ea6c2839d/go.mod h1:XJaK+eQA5QZRq/Y8jYtJnUGhqAfHxG3z2PgwiHvE2BA=
github.com/sixthgear/noise v0.0.0-20121221204059-8f186a10e306 h1:oJrmW3qyk0goRGN4Rqpj3Tj5srOrXO9ZM31X8N228KE=
github.com/sixthgear/noise v0.0.0-20121221204059-8f186a10e306/go.mod h1:Cm/ssBgr8HA9wU3QtK35KCcNBQYw/ocGnNFnqudXBEA=
